
Microsoft Visual Studio Solution File, Format Version 12.00
# Visual Studio 15
Project("{FAE04EC0-301F-11D3-BF4B-00C04F79EFBC}") = "Calculator.Android", "Calculator.Android\Calculator.Android.csproj", "{65A5A258-8FD4-4E59-854B-EEF8D4A8FD13}"
EndProject
Project("{FAE04EC0-301F-11D3-BF4B-00C04F79EFBC}") = "Calculator", "Calculator\Calculator.csproj", "{58C90A59-1E6F-4892-8A95-C26727A979D1}"
EndProject
Global
	GlobalSection(SolutionConfigurationPlatforms) = preSolution
		Debug|Any CPU = Debug|Any CPU
		Release|Any CPU = Release|Any CPU
	EndGlobalSection
	GlobalSection(ProjectConfigurationPlatforms) = postSolution
		{65A5A258-8FD4-4E59-854B-EEF8D4A8FD13}.Debug|Any CPU.ActiveCfg = Debug|Any CPU
		{65A5A258-8FD4-4E59-854B-EEF8D4A8FD13}.Debug|Any CPU.Build.0 = Debug|Any CPU
		{65A5A258-8FD4-4E59-854B-EEF8D4A8FD13}.Release|Any CPU.ActiveCfg = Release|Any CPU
		{65A5A258-8FD4-4E59-854B-EEF8D4A8FD13}.Release|Any CPU.Build.0 = Release|Any CPU
		{58C90A59-1E6F-4892-8A95-C26727A979D1}.Debug|Any CPU.ActiveCfg = Debug|Any CPU
		{58C90A59-1E6F-4892-8A95-C26727A979D1}.Debug|Any CPU.Build.0 = Debug|Any CPU
		{58C90A59-1E6F-4892-8A95-C26727A979D1}.Release|Any CPU.ActiveCfg = Release|Any CPU
		{58C90A59-1E6F-4892-8A95-C26727A979D1}.Release|Any CPU.Build.0 = Release|Any CPU
	EndGlobalSection
EndGlobal
